
Microsoft Visual Studio Solution File, Format Version 12.00
# Visual Studio 15
VisualStudioVersion = 15.0.28307.168
MinimumVisualStudioVersion = 10.0.40219.1
Project("{9A19103F-16F7-4668-BE54-9A1E7A4F7556}") = "AppLabs.Dapper", "AppLabs.Dapper\AppLabs.Dapper.csproj", "{84AE0BA0-BA1C-4B57-AF72-20E4D1B7D035}"
EndProject
Project("{9A19103F-16F7-4668-BE54-9A1E7A4F7556}") = "AppLabs.Dapper.Test", "AppLabs.Dapper.Test\AppLabs.Dapper.Test.csproj", "{8F96E82E-E5E6-45E2-B1CD-388CE6C8EADB}"
EndProject
Project("{FAE04EC0-301F-11D3-BF4B-00C04F79EFBC}") = "AppLabs.Dapper.Postgres.Tests", "test\AppLabs.Dapper.Postgres.Tests\AppLabs.Dapper.Postgres.Tests.csproj", "{222FE6AC-A50D-4D65-85BB-B64897F85C0B}"
EndProject
Global
	GlobalSection(SolutionConfigurationPlatforms) = preSolution
		Debug|Any CPU = Debug|Any CPU
		Release|Any CPU = Release|Any CPU
	EndGlobalSection
	GlobalSection(ProjectConfigurationPlatforms) = postSolution
		{84AE0BA0-BA1C-4B57-AF72-20E4D1B7D035}.Debug|Any CPU.ActiveCfg = Debug|Any CPU
		{84AE0BA0-BA1C-4B57-AF72-20E4D1B7D035}.Debug|Any CPU.Build.0 = Debug|Any CPU
		{84AE0BA0-BA1C-4B57-AF72-20E4D1B7D035}.Release|Any CPU.ActiveCfg = Release|Any CPU
		{84AE0BA0-BA1C-4B57-AF72-20E4D1B7D035}.Release|Any CPU.Build.0 = Release|Any CPU
		{8F96E82E-E5E6-45E2-B1CD-388CE6C8EADB}.Debug|Any CPU.ActiveCfg = Debug|Any CPU
		{8F96E82E-E5E6-45E2-B1CD-388CE6C8EADB}.Debug|Any CPU.Build.0 = Debug|Any CPU
		{8F96E82E-E5E6-45E2-B1CD-388CE6C8EADB}.Release|Any CPU.ActiveCfg = Release|Any CPU
		{8F96E82E-E5E6-45E2-B1CD-388CE6C8EADB}.Release|Any CPU.Build.0 = Release|Any CPU
		{222FE6AC-A50D-4D65-85BB-B64897F85C0B}.Debug|Any CPU.ActiveCfg = Debug|Any CPU
		{222FE6AC-A50D-4D65-85BB-B64897F85C0B}.Debug|Any CPU.Build.0 = Debug|Any CPU
		{222FE6AC-A50D-4D65-85BB-B64897F85C0B}.Release|Any CPU.ActiveCfg = Release|Any CPU
		{222FE6AC-A50D-4D65-85BB-B64897F85C0B}.Release|Any CPU.Build.0 = Release|Any CPU
	EndGlobalSection
	GlobalSection(SolutionProperties) = preSolution
		HideSolutionNode = FALSE
	EndGlobalSection
	GlobalSection(ExtensibilityGlobals) = postSolution
		SolutionGuid = {B69B5FBC-6988-4852-BC29-D27DC2D64CE8}
	EndGlobalSection
EndGlobal
